
Microsoft Visual Studio Solution File, Format Version 12.00
# Visual Studio 14
VisualStudioVersion = 14.0.23107.0
MinimumVisualStudioVersion = 10.0.40219.1
Project("{FAE04EC0-301F-11D3-BF4B-00C04F79EFBC}") = "GreedyMatch", "GreedyMatch\GreedyMatch.csproj", "{AE5A692B-AD82-40C9-BF85-AF31350F22CE}"
EndProject
Global
	GlobalSection(SolutionConfigurationPlatforms) = preSolution
		Debug|Any CPU = Debug|Any CPU
		Release|Any CPU = Release|Any CPU
	EndGlobalSection
	GlobalSection(ProjectConfigurationPlatforms) = postSolution
		{AE5A692B-AD82-40C9-BF85-AF31350F22CE}.Debug|Any CPU.ActiveCfg = Debug|Any CPU
		{AE5A692B-AD82-40C9-BF85-AF31350F22CE}.Debug|Any CPU.Build.0 = Debug|Any CPU
		{AE5A692B-AD82-40C9-BF85-AF31350F22CE}.Release|Any CPU.ActiveCfg = Release|Any CPU
		{AE5A692B-AD82-40C9-BF85-AF31350F22CE}.Release|Any CPU.Build.0 = Release|Any CPU
	EndGlobalSection
	GlobalSection(SolutionProperties) = preSolution
		HideSolutionNode = FALSE
	EndGlobalSection
EndGlobal
